github.com/matiasdls1/backpack-bcgow6-matias-delaserna/hackaton v0.0.0-20220929185947-9e92a6f9742d h1:b0g+wY9Xkx84vtLO58K6eHALTMnhQfmuc+RMZhU50Bk=
github.com/matiasdls1/backpack-bcgow6-matias-delaserna/hackaton v0.0.0-20220929185947-9e92a6f9742d/go.mod h1:YtxEHr1CgmVzgzJmmJJ0Y7ee6B8J2aTNo6hphQjRXns=
